
Microsoft Visual Studio Solution File, Format Version 12.00
# Visual Studio 2013
VisualStudioVersion = 12.0.21005.1
MinimumVisualStudioVersion = 10.0.40219.1
Project("{FAE04EC0-301F-11D3-BF4B-00C04F79EFBC}") = "String.Calculator", "String.Calculator\String.Calculator.csproj", "{F7F1247E-FD4F-4BFF-A86A-EDF61696187F}"
EndProject
Project("{FAE04EC0-301F-11D3-BF4B-00C04F79EFBC}") = "String.Calculator.Tests", "String.Calculator.Tests\String.Calculator.Tests.csproj", "{371018D3-278C-4833-AC37-DF6585436152}"
EndProject
Global
	GlobalSection(SolutionConfigurationPlatforms) = preSolution
		Debug|Any CPU = Debug|Any CPU
		Release|Any CPU = Release|Any CPU
	EndGlobalSection
	GlobalSection(ProjectConfigurationPlatforms) = postSolution
		{F7F1247E-FD4F-4BFF-A86A-EDF61696187F}.Debug|Any CPU.ActiveCfg = Debug|Any CPU
		{F7F1247E-FD4F-4BFF-A86A-EDF61696187F}.Debug|Any CPU.Build.0 = Debug|Any CPU
		{F7F1247E-FD4F-4BFF-A86A-EDF61696187F}.Release|Any CPU.ActiveCfg = Release|Any CPU
		{F7F1247E-FD4F-4BFF-A86A-EDF61696187F}.Release|Any CPU.Build.0 = Release|Any CPU
		{371018D3-278C-4833-AC37-DF6585436152}.Debug|Any CPU.ActiveCfg = Debug|Any CPU
		{371018D3-278C-4833-AC37-DF6585436152}.Debug|Any CPU.Build.0 = Debug|Any CPU
		{371018D3-278C-4833-AC37-DF6585436152}.Release|Any CPU.ActiveCfg = Release|Any CPU
		{371018D3-278C-4833-AC37-DF6585436152}.Release|Any CPU.Build.0 = Release|Any CPU
	EndGlobalSection
	GlobalSection(SolutionProperties) = preSolution
		HideSolutionNode = FALSE
	EndGlobalSection
EndGlobal
